Microsoft Visual Studio Solution File, Format Version 12.00
# Visual Studio 16
Project("{2150E333-8FDC-42A3-9474-1A3956D46DE8}") = "CMakePredefinedTargets", "CMakePredefinedTargets", "{E848F7FD-3A59-3178-AEDB-AFEE9756607E}"
EndProject
Project("{2150E333-8FDC-42A3-9474-1A3956D46DE8}") = "contrib", "contrib", "{D8724521-1F6D-364F-B691-D9A73DF4E024}"
EndProject
Project("{2150E333-8FDC-42A3-9474-1A3956D46DE8}") = "plugins", "plugins", "{F70F2737-0A76-3C49-B490-F1DDCF486E46}"
EndProject
Project("{8BC9CEB8-8B4A-11D0-8D11-00A0C91BC942}") = "ALL_BUILD", "ALL_BUILD.vcxproj", "{448C1A2E-8F4D-3E44-B030-A50E4480CB0E}"
	ProjectSection(ProjectDependencies) = postProject
		{D8BE1BAA-E214-3D77-BEB9-F609DD952B42} = {D8BE1BAA-E214-3D77-BEB9-F609DD952B42}
		{98884D44-FD3C-3983-9AF2-4D8FE83168BD} = {98884D44-FD3C-3983-9AF2-4D8FE83168BD}
		{CE4B80B1-ADA1-349A-93A1-70797C681823} = {CE4B80B1-ADA1-349A-93A1-70797C681823}
		{AA3B7D1F-EF3C-3E73-A06D-A9C88751393D} = {AA3B7D1F-EF3C-3E73-A06D-A9C88751393D}
		{CF52F601-5FF6-3DC6-BA8C-A3E48025CD38} = {CF52F601-5FF6-3DC6-BA8C-A3E48025CD38}
		{948086FA-1DDA-3DBD-9625-B98DA4534B80} = {948086FA-1DDA-3DBD-9625-B98DA4534B80}
		{319EA5FC-CD77-3C41-81F7-F3066626E0A0} = {319EA5FC-CD77-3C41-81F7-F3066626E0A0}
		{AA572C6C-C09E-3501-9045-9FCEBB1D144B} = {AA572C6C-C09E-3501-9045-9FCEBB1D144B}
		{DF1CA558-BD2E-3343-A13A-86FA9F27B5C1} = {DF1CA558-BD2E-3343-A13A-86FA9F27B5C1}
		{2A749929-1C33-3CFF-9B32-5E799552B0CA} = {2A749929-1C33-3CFF-9B32-5E799552B0CA}
		{B1AA30A3-C7F9-3C1F-ACB5-D588778E92C7} = {B1AA30A3-C7F9-3C1F-ACB5-D588778E92C7}
	EndProjectSection
EndProject
Project("{8BC9CEB8-8B4A-11D0-8D11-00A0C91BC942}") = "INSTALL", "INSTALL.vcxproj", "{4BFD0092-2B39-3A16-9188-AD3C7539324C}"
	ProjectSection(ProjectDependencies) = postProject
		{448C1A2E-8F4D-3E44-B030-A50E4480CB0E} = {448C1A2E-8F4D-3E44-B030-A50E4480CB0E}
		{D8BE1BAA-E214-3D77-BEB9-F609DD952B42} = {D8BE1BAA-E214-3D77-BEB9-F609DD952B42}
	EndProjectSection
EndProject
Project("{8BC9CEB8-8B4A-11D0-8D11-00A0C91BC942}") = "ZERO_CHECK", "ZERO_CHECK.vcxproj", "{D8BE1BAA-E214-3D77-BEB9-F609DD952B42}"
	ProjectSection(ProjectDependencies) = postProject
	EndProjectSection
EndProject
Project("{8BC9CEB8-8B4A-11D0-8D11-00A0C91BC942}") = "assimp", "contrib\assimp3.3.1\code\assimp.vcxproj", "{98884D44-FD3C-3983-9AF2-4D8FE83168BD}"
	ProjectSection(ProjectDependencies) = postProject
		{D8BE1BAA-E214-3D77-BEB9-F609DD952B42} = {D8BE1BAA-E214-3D77-BEB9-F609DD952B42}
		{B1AA30A3-C7F9-3C1F-ACB5-D588778E92C7} = {B1AA30A3-C7F9-3C1F-ACB5-D588778E92C7}
	EndProjectSection
EndProject
Project("{8BC9CEB8-8B4A-11D0-8D11-00A0C91BC942}") = "composerImGui", "composerImGui\composerImGui.vcxproj", "{CE4B80B1-ADA1-349A-93A1-70797C681823}"
	ProjectSection(ProjectDependencies) = postProject
		{D8BE1BAA-E214-3D77-BEB9-F609DD952B42} = {D8BE1BAA-E214-3D77-BEB9-F609DD952B42}
		{98884D44-FD3C-3983-9AF2-4D8FE83168BD} = {98884D44-FD3C-3983-9AF2-4D8FE83168BD}
		{CF52F601-5FF6-3DC6-BA8C-A3E48025CD38} = {CF52F601-5FF6-3DC6-BA8C-A3E48025CD38}
		{948086FA-1DDA-3DBD-9625-B98DA4534B80} = {948086FA-1DDA-3DBD-9625-B98DA4534B80}
		{2A749929-1C33-3CFF-9B32-5E799552B0CA} = {2A749929-1C33-3CFF-9B32-5E799552B0CA}
		{B1AA30A3-C7F9-3C1F-ACB5-D588778E92C7} = {B1AA30A3-C7F9-3C1F-ACB5-D588778E92C7}
	EndProjectSection
EndProject
Project("{8BC9CEB8-8B4A-11D0-8D11-00A0C91BC942}") = "freeglut_static", "contrib\freeglut-3.0.0\freeglut_static.vcxproj", "{AA3B7D1F-EF3C-3E73-A06D-A9C88751393D}"
	ProjectSection(ProjectDependencies) = postProject
		{D8BE1BAA-E214-3D77-BEB9-F609DD952B42} = {D8BE1BAA-E214-3D77-BEB9-F609DD952B42}
	EndProjectSection
EndProject
Project("{8BC9CEB8-8B4A-11D0-8D11-00A0C91BC942}") = "glbinding", "contrib\glbinding-master\source\glbinding\glbinding.vcxproj", "{CF52F601-5FF6-3DC6-BA8C-A3E48025CD38}"
	ProjectSection(ProjectDependencies) = postProject
		{D8BE1BAA-E214-3D77-BEB9-F609DD952B42} = {D8BE1BAA-E214-3D77-BEB9-F609DD952B42}
	EndProjectSection
EndProject
Project("{8BC9CEB8-8B4A-11D0-8D11-00A0C91BC942}") = "nau", "nau\nau.vcxproj", "{948086FA-1DDA-3DBD-9625-B98DA4534B80}"
	ProjectSection(ProjectDependencies) = postProject
		{D8BE1BAA-E214-3D77-BEB9-F609DD952B42} = {D8BE1BAA-E214-3D77-BEB9-F609DD952B42}
		{98884D44-FD3C-3983-9AF2-4D8FE83168BD} = {98884D44-FD3C-3983-9AF2-4D8FE83168BD}
		{CF52F601-5FF6-3DC6-BA8C-A3E48025CD38} = {CF52F601-5FF6-3DC6-BA8C-A3E48025CD38}
		{2A749929-1C33-3CFF-9B32-5E799552B0CA} = {2A749929-1C33-3CFF-9B32-5E799552B0CA}
		{B1AA30A3-C7F9-3C1F-ACB5-D588778E92C7} = {B1AA30A3-C7F9-3C1F-ACB5-D588778E92C7}
	EndProjectSection
EndProject
Project("{8BC9CEB8-8B4A-11D0-8D11-00A0C91BC942}") = "nauGLUTDemo", "nauGlut\nauGLUTDemo.vcxproj", "{319EA5FC-CD77-3C41-81F7-F3066626E0A0}"
	ProjectSection(ProjectDependencies) = postProject
		{D8BE1BAA-E214-3D77-BEB9-F609DD952B42} = {D8BE1BAA-E214-3D77-BEB9-F609DD952B42}
		{98884D44-FD3C-3983-9AF2-4D8FE83168BD} = {98884D44-FD3C-3983-9AF2-4D8FE83168BD}
		{AA3B7D1F-EF3C-3E73-A06D-A9C88751393D} = {AA3B7D1F-EF3C-3E73-A06D-A9C88751393D}
		{CF52F601-5FF6-3DC6-BA8C-A3E48025CD38} = {CF52F601-5FF6-3DC6-BA8C-A3E48025CD38}
		{948086FA-1DDA-3DBD-9625-B98DA4534B80} = {948086FA-1DDA-3DBD-9625-B98DA4534B80}
		{2A749929-1C33-3CFF-9B32-5E799552B0CA} = {2A749929-1C33-3CFF-9B32-5E799552B0CA}
		{B1AA30A3-C7F9-3C1F-ACB5-D588778E92C7} = {B1AA30A3-C7F9-3C1F-ACB5-D588778E92C7}
	EndProjectSection
EndProject
Project("{8BC9CEB8-8B4A-11D0-8D11-00A0C91BC942}") = "nauPassPlugin", "plugins\passDepthMap\nauPassPlugin.vcxproj", "{AA572C6C-C09E-3501-9045-9FCEBB1D144B}"
	ProjectSection(ProjectDependencies) = postProject
		{D8BE1BAA-E214-3D77-BEB9-F609DD952B42} = {D8BE1BAA-E214-3D77-BEB9-F609DD952B42}
		{CF52F601-5FF6-3DC6-BA8C-A3E48025CD38} = {CF52F601-5FF6-3DC6-BA8C-A3E48025CD38}
		{948086FA-1DDA-3DBD-9625-B98DA4534B80} = {948086FA-1DDA-3DBD-9625-B98DA4534B80}
	EndProjectSection
EndProject
Project("{8BC9CEB8-8B4A-11D0-8D11-00A0C91BC942}") = "nauPhysxPlugin", "plugins\physx\nauPhysxPlugin.vcxproj", "{DF1CA558-BD2E-3343-A13A-86FA9F27B5C1}"
	ProjectSection(ProjectDependencies) = postProject
		{D8BE1BAA-E214-3D77-BEB9-F609DD952B42} = {D8BE1BAA-E214-3D77-BEB9-F609DD952B42}
		{948086FA-1DDA-3DBD-9625-B98DA4534B80} = {948086FA-1DDA-3DBD-9625-B98DA4534B80}
	EndProjectSection
EndProject
Project("{8BC9CEB8-8B4A-11D0-8D11-00A0C91BC942}") = "tinyxml", "contrib\tinyxml\tinyxml.vcxproj", "{2A749929-1C33-3CFF-9B32-5E799552B0CA}"
	ProjectSection(ProjectDependencies) = postProject
		{D8BE1BAA-E214-3D77-BEB9-F609DD952B42} = {D8BE1BAA-E214-3D77-BEB9-F609DD952B42}
	EndProjectSection
EndProject
Project("{8BC9CEB8-8B4A-11D0-8D11-00A0C91BC942}") = "uninstall", "contrib\assimp3.3.1\uninstall.vcxproj", "{20558D31-9071-321E-8842-1CB91CC7F969}"
	ProjectSection(ProjectDependencies) = postProject
		{D8BE1BAA-E214-3D77-BEB9-F609DD952B42} = {D8BE1BAA-E214-3D77-BEB9-F609DD952B42}
	EndProjectSection
EndProject
Project("{8BC9CEB8-8B4A-11D0-8D11-00A0C91BC942}") = "zlibstatic", "contrib\assimp3.3.1\contrib\zlib\zlibstatic.vcxproj", "{B1AA30A3-C7F9-3C1F-ACB5-D588778E92C7}"
	ProjectSection(ProjectDependencies) = postProject
		{D8BE1BAA-E214-3D77-BEB9-F609DD952B42} = {D8BE1BAA-E214-3D77-BEB9-F609DD952B42}
	EndProjectSection
EndProject
Global
	GlobalSection(SolutionConfigurationPlatforms) = preSolution
		Debug|x64 = Debug|x64
		Release|x64 = Release|x64
		MinSizeRel|x64 = MinSizeRel|x64
		RelWithDebInfo|x64 = RelWithDebInfo|x64
	EndGlobalSection
	GlobalSection(ProjectConfigurationPlatforms) = postSolution
		{448C1A2E-8F4D-3E44-B030-A50E4480CB0E}.Debug|x64.ActiveCfg = Debug|x64
		{448C1A2E-8F4D-3E44-B030-A50E4480CB0E}.Debug|x64.Build.0 = Debug|x64
		{448C1A2E-8F4D-3E44-B030-A50E4480CB0E}.Release|x64.ActiveCfg = Release|x64
		{448C1A2E-8F4D-3E44-B030-A50E4480CB0E}.Release|x64.Build.0 = Release|x64
		{448C1A2E-8F4D-3E44-B030-A50E4480CB0E}.MinSizeRel|x64.ActiveCfg = MinSizeRel|x64
		{448C1A2E-8F4D-3E44-B030-A50E4480CB0E}.MinSizeRel|x64.Build.0 = MinSizeRel|x64
		{448C1A2E-8F4D-3E44-B030-A50E4480CB0E}.RelWithDebInfo|x64.ActiveCfg = RelWithDebInfo|x64
		{448C1A2E-8F4D-3E44-B030-A50E4480CB0E}.RelWithDebInfo|x64.Build.0 = RelWithDebInfo|x64
		{4BFD0092-2B39-3A16-9188-AD3C7539324C}.Debug|x64.ActiveCfg = Debug|x64
		{4BFD0092-2B39-3A16-9188-AD3C7539324C}.Release|x64.ActiveCfg = Release|x64
		{4BFD0092-2B39-3A16-9188-AD3C7539324C}.MinSizeRel|x64.ActiveCfg = MinSizeRel|x64
		{4BFD0092-2B39-3A16-9188-AD3C7539324C}.RelWithDebInfo|x64.ActiveCfg = RelWithDebInfo|x64
		{D8BE1BAA-E214-3D77-BEB9-F609DD952B42}.Debug|x64.ActiveCfg = Debug|x64
		{D8BE1BAA-E214-3D77-BEB9-F609DD952B42}.Debug|x64.Build.0 = Debug|x64
		{D8BE1BAA-E214-3D77-BEB9-F609DD952B42}.Release|x64.ActiveCfg = Release|x64
		{D8BE1BAA-E214-3D77-BEB9-F609DD952B42}.Release|x64.Build.0 = Release|x64
		{D8BE1BAA-E214-3D77-BEB9-F609DD952B42}.MinSizeRel|x64.ActiveCfg = MinSizeRel|x64
		{D8BE1BAA-E214-3D77-BEB9-F609DD952B42}.MinSizeRel|x64.Build.0 = MinSizeRel|x64
		{D8BE1BAA-E214-3D77-BEB9-F609DD952B42}.RelWithDebInfo|x64.ActiveCfg = RelWithDebInfo|x64
		{D8BE1BAA-E214-3D77-BEB9-F609DD952B42}.RelWithDebInfo|x64.Build.0 = RelWithDebInfo|x64
		{98884D44-FD3C-3983-9AF2-4D8FE83168BD}.Debug|x64.ActiveCfg = Debug|x64
		{98884D44-FD3C-3983-9AF2-4D8FE83168BD}.Debug|x64.Build.0 = Debug|x64
		{98884D44-FD3C-3983-9AF2-4D8FE83168BD}.Release|x64.ActiveCfg = Release|x64
		{98884D44-FD3C-3983-9AF2-4D8FE83168BD}.Release|x64.Build.0 = Release|x64
		{98884D44-FD3C-3983-9AF2-4D8FE83168BD}.MinSizeRel|x64.ActiveCfg = MinSizeRel|x64
		{98884D44-FD3C-3983-9AF2-4D8FE83168BD}.MinSizeRel|x64.Build.0 = MinSizeRel|x64
		{98884D44-FD3C-3983-9AF2-4D8FE83168BD}.RelWithDebInfo|x64.ActiveCfg = RelWithDebInfo|x64
		{98884D44-FD3C-3983-9AF2-4D8FE83168BD}.RelWithDebInfo|x64.Build.0 = RelWithDebInfo|x64
		{CE4B80B1-ADA1-349A-93A1-70797C681823}.Debug|x64.ActiveCfg = Debug|x64
		{CE4B80B1-ADA1-349A-93A1-70797C681823}.Debug|x64.Build.0 = Debug|x64
		{CE4B80B1-ADA1-349A-93A1-70797C681823}.Release|x64.ActiveCfg = Release|x64
		{CE4B80B1-ADA1-349A-93A1-70797C681823}.Release|x64.Build.0 = Release|x64
		{CE4B80B1-ADA1-349A-93A1-70797C681823}.MinSizeRel|x64.ActiveCfg = MinSizeRel|x64
		{CE4B80B1-ADA1-349A-93A1-70797C681823}.MinSizeRel|x64.Build.0 = MinSizeRel|x64
		{CE4B80B1-ADA1-349A-93A1-70797C681823}.RelWithDebInfo|x64.ActiveCfg = RelWithDebInfo|x64
		{CE4B80B1-ADA1-349A-93A1-70797C681823}.RelWithDebInfo|x64.Build.0 = RelWithDebInfo|x64
		{AA3B7D1F-EF3C-3E73-A06D-A9C88751393D}.Debug|x64.ActiveCfg = Debug|x64
		{AA3B7D1F-EF3C-3E73-A06D-A9C88751393D}.Debug|x64.Build.0 = Debug|x64
		{AA3B7D1F-EF3C-3E73-A06D-A9C88751393D}.Release|x64.ActiveCfg = Release|x64
		{AA3B7D1F-EF3C-3E73-A06D-A9C88751393D}.Release|x64.Build.0 = Release|x64
		{AA3B7D1F-EF3C-3E73-A06D-A9C88751393D}.MinSizeRel|x64.ActiveCfg = MinSizeRel|x64
		{AA3B7D1F-EF3C-3E73-A06D-A9C88751393D}.MinSizeRel|x64.Build.0 = MinSizeRel|x64
		{AA3B7D1F-EF3C-3E73-A06D-A9C88751393D}.RelWithDebInfo|x64.ActiveCfg = RelWithDebInfo|x64
		{AA3B7D1F-EF3C-3E73-A06D-A9C88751393D}.RelWithDebInfo|x64.Build.0 = RelWithDebInfo|x64
		{CF52F601-5FF6-3DC6-BA8C-A3E48025CD38}.Debug|x64.ActiveCfg = Debug|x64
		{CF52F601-5FF6-3DC6-BA8C-A3E48025CD38}.Debug|x64.Build.0 = Debug|x64
		{CF52F601-5FF6-3DC6-BA8C-A3E48025CD38}.Release|x64.ActiveCfg = Release|x64
		{CF52F601-5FF6-3DC6-BA8C-A3E48025CD38}.Release|x64.Build.0 = Release|x64
		{CF52F601-5FF6-3DC6-BA8C-A3E48025CD38}.MinSizeRel|x64.ActiveCfg = MinSizeRel|x64
		{CF52F601-5FF6-3DC6-BA8C-A3E48025CD38}.MinSizeRel|x64.Build.0 = MinSizeRel|x64
		{CF52F601-5FF6-3DC6-BA8C-A3E48025CD38}.RelWithDebInfo|x64.ActiveCfg = RelWithDebInfo|x64
		{CF52F601-5FF6-3DC6-BA8C-A3E48025CD38}.RelWithDebInfo|x64.Build.0 = RelWithDebInfo|x64
		{948086FA-1DDA-3DBD-9625-B98DA4534B80}.Debug|x64.ActiveCfg = Debug|x64
		{948086FA-1DDA-3DBD-9625-B98DA4534B80}.Debug|x64.Build.0 = Debug|x64
		{948086FA-1DDA-3DBD-9625-B98DA4534B80}.Release|x64.ActiveCfg = Release|x64
		{948086FA-1DDA-3DBD-9625-B98DA4534B80}.Release|x64.Build.0 = Release|x64
		{948086FA-1DDA-3DBD-9625-B98DA4534B80}.MinSizeRel|x64.ActiveCfg = MinSizeRel|x64
		{948086FA-1DDA-3DBD-9625-B98DA4534B80}.MinSizeRel|x64.Build.0 = MinSizeRel|x64
		{948086FA-1DDA-3DBD-9625-B98DA4534B80}.RelWithDebInfo|x64.ActiveCfg = RelWithDebInfo|x64
		{948086FA-1DDA-3DBD-9625-B98DA4534B80}.RelWithDebInfo|x64.Build.0 = RelWithDebInfo|x64
		{319EA5FC-CD77-3C41-81F7-F3066626E0A0}.Debug|x64.ActiveCfg = Debug|x64
		{319EA5FC-CD77-3C41-81F7-F3066626E0A0}.Debug|x64.Build.0 = Debug|x64
		{319EA5FC-CD77-3C41-81F7-F3066626E0A0}.Release|x64.ActiveCfg = Release|x64
		{319EA5FC-CD77-3C41-81F7-F3066626E0A0}.Release|x64.Build.0 = Release|x64
		{319EA5FC-CD77-3C41-81F7-F3066626E0A0}.MinSizeRel|x64.ActiveCfg = MinSizeRel|x64
		{319EA5FC-CD77-3C41-81F7-F3066626E0A0}.MinSizeRel|x64.Build.0 = MinSizeRel|x64
		{319EA5FC-CD77-3C41-81F7-F3066626E0A0}.RelWithDebInfo|x64.ActiveCfg = RelWithDebInfo|x64
		{319EA5FC-CD77-3C41-81F7-F3066626E0A0}.RelWithDebInfo|x64.Build.0 = RelWithDebInfo|x64
		{AA572C6C-C09E-3501-9045-9FCEBB1D144B}.Debug|x64.ActiveCfg = Debug|x64
		{AA572C6C-C09E-3501-9045-9FCEBB1D144B}.Debug|x64.Build.0 = Debug|x64
		{AA572C6C-C09E-3501-9045-9FCEBB1D144B}.Release|x64.ActiveCfg = Release|x64
		{AA572C6C-C09E-3501-9045-9FCEBB1D144B}.Release|x64.Build.0 = Release|x64
		{AA572C6C-C09E-3501-9045-9FCEBB1D144B}.MinSizeRel|x64.ActiveCfg = MinSizeRel|x64
		{AA572C6C-C09E-3501-9045-9FCEBB1D144B}.MinSizeRel|x64.Build.0 = MinSizeRel|x64
		{AA572C6C-C09E-3501-9045-9FCEBB1D144B}.RelWithDebInfo|x64.ActiveCfg = RelWithDebInfo|x64
		{AA572C6C-C09E-3501-9045-9FCEBB1D144B}.RelWithDebInfo|x64.Build.0 = RelWithDebInfo|x64
		{DF1CA558-BD2E-3343-A13A-86FA9F27B5C1}.Debug|x64.ActiveCfg = Debug|x64
		{DF1CA558-BD2E-3343-A13A-86FA9F27B5C1}.Debug|x64.Build.0 = Debug|x64
		{DF1CA558-BD2E-3343-A13A-86FA9F27B5C1}.Release|x64.ActiveCfg = Release|x64
		{DF1CA558-BD2E-3343-A13A-86FA9F27B5C1}.Release|x64.Build.0 = Release|x64
		{DF1CA558-BD2E-3343-A13A-86FA9F27B5C1}.MinSizeRel|x64.ActiveCfg = MinSizeRel|x64
		{DF1CA558-BD2E-3343-A13A-86FA9F27B5C1}.MinSizeRel|x64.Build.0 = MinSizeRel|x64
		{DF1CA558-BD2E-3343-A13A-86FA9F27B5C1}.RelWithDebInfo|x64.ActiveCfg = RelWithDebInfo|x64
		{DF1CA558-BD2E-3343-A13A-86FA9F27B5C1}.RelWithDebInfo|x64.Build.0 = RelWithDebInfo|x64
		{2A749929-1C33-3CFF-9B32-5E799552B0CA}.Debug|x64.ActiveCfg = Debug|x64
		{2A749929-1C33-3CFF-9B32-5E799552B0CA}.Debug|x64.Build.0 = Debug|x64
		{2A749929-1C33-3CFF-9B32-5E799552B0CA}.Release|x64.ActiveCfg = Release|x64
		{2A749929-1C33-3CFF-9B32-5E799552B0CA}.Release|x64.Build.0 = Release|x64
		{2A749929-1C33-3CFF-9B32-5E799552B0CA}.MinSizeRel|x64.ActiveCfg = MinSizeRel|x64
		{2A749929-1C33-3CFF-9B32-5E799552B0CA}.MinSizeRel|x64.Build.0 = MinSizeRel|x64
		{2A749929-1C33-3CFF-9B32-5E799552B0CA}.RelWithDebInfo|x64.ActiveCfg = RelWithDebInfo|x64
		{2A749929-1C33-3CFF-9B32-5E799552B0CA}.RelWithDebInfo|x64.Build.0 = RelWithDebInfo|x64
		{20558D31-9071-321E-8842-1CB91CC7F969}.Debug|x64.ActiveCfg = Debug|x64
		{20558D31-9071-321E-8842-1CB91CC7F969}.Release|x64.ActiveCfg = Release|x64
		{20558D31-9071-321E-8842-1CB91CC7F969}.MinSizeRel|x64.ActiveCfg = MinSizeRel|x64
		{20558D31-9071-321E-8842-1CB91CC7F969}.RelWithDebInfo|x64.ActiveCfg = RelWithDebInfo|x64
		{B1AA30A3-C7F9-3C1F-ACB5-D588778E92C7}.Debug|x64.ActiveCfg = Debug|x64
		{B1AA30A3-C7F9-3C1F-ACB5-D588778E92C7}.Debug|x64.Build.0 = Debug|x64
		{B1AA30A3-C7F9-3C1F-ACB5-D588778E92C7}.Release|x64.ActiveCfg = Release|x64
		{B1AA30A3-C7F9-3C1F-ACB5-D588778E92C7}.Release|x64.Build.0 = Release|x64
		{B1AA30A3-C7F9-3C1F-ACB5-D588778E92C7}.MinSizeRel|x64.ActiveCfg = MinSizeRel|x64
		{B1AA30A3-C7F9-3C1F-ACB5-D588778E92C7}.MinSizeRel|x64.Build.0 = MinSizeRel|x64
		{B1AA30A3-C7F9-3C1F-ACB5-D588778E92C7}.RelWithDebInfo|x64.ActiveCfg = RelWithDebInfo|x64
		{B1AA30A3-C7F9-3C1F-ACB5-D588778E92C7}.RelWithDebInfo|x64.Build.0 = RelWithDebInfo|x64
	EndGlobalSection
	GlobalSection(NestedProjects) = preSolution
		{448C1A2E-8F4D-3E44-B030-A50E4480CB0E} = {E848F7FD-3A59-3178-AEDB-AFEE9756607E}
		{4BFD0092-2B39-3A16-9188-AD3C7539324C} = {E848F7FD-3A59-3178-AEDB-AFEE9756607E}
		{D8BE1BAA-E214-3D77-BEB9-F609DD952B42} = {E848F7FD-3A59-3178-AEDB-AFEE9756607E}
		{98884D44-FD3C-3983-9AF2-4D8FE83168BD} = {D8724521-1F6D-364F-B691-D9A73DF4E024}
		{AA3B7D1F-EF3C-3E73-A06D-A9C88751393D} = {D8724521-1F6D-364F-B691-D9A73DF4E024}
		{CF52F601-5FF6-3DC6-BA8C-A3E48025CD38} = {D8724521-1F6D-364F-B691-D9A73DF4E024}
		{2A749929-1C33-3CFF-9B32-5E799552B0CA} = {D8724521-1F6D-364F-B691-D9A73DF4E024}
		{20558D31-9071-321E-8842-1CB91CC7F969} = {D8724521-1F6D-364F-B691-D9A73DF4E024}
		{B1AA30A3-C7F9-3C1F-ACB5-D588778E92C7} = {D8724521-1F6D-364F-B691-D9A73DF4E024}
		{AA572C6C-C09E-3501-9045-9FCEBB1D144B} = {F70F2737-0A76-3C49-B490-F1DDCF486E46}
		{DF1CA558-BD2E-3343-A13A-86FA9F27B5C1} = {F70F2737-0A76-3C49-B490-F1DDCF486E46}
	EndGlobalSection
	GlobalSection(ExtensibilityGlobals) = postSolution
		SolutionGuid = {94D504A7-3283-35F0-807B-FBE42BE87907}
	EndGlobalSection
	GlobalSection(ExtensibilityAddIns) = postSolution
	EndGlobalSection
EndGlobal
