<?xml version="1.0" encoding="utf-8"?>
<Project ToolsVersion="16.0" xmlns="http://schemas.microsoft.com/developer/msbuild/2003">
  <ItemGroup>
    <ClCompile Include="C:\Users\diogo\Desktop\MIEI\4th Year\2nd Semester\Perfil 2 - Computação Gráfica\Visão e Iluminação II\nau\plugins\physx\src\nauPhysXInterface.cpp">
      <Filter>Source Files</Filter>
    </ClCompile>
    <ClCompile Include="C:\Users\diogo\Desktop\MIEI\4th Year\2nd Semester\Perfil 2 - Computação Gráfica\Visão e Iluminação II\nau\plugins\physx\src\physXCharacterManager.cpp">
      <Filter>Source Files</Filter>
    </ClCompile>
    <ClCompile Include="C:\Users\diogo\Desktop\MIEI\4th Year\2nd Semester\Perfil 2 - Computação Gráfica\Visão e Iluminação II\nau\plugins\physx\src\physXLuaManager.cpp">
      <Filter>Source Files</Filter>
    </ClCompile>
    <ClCompile Include="C:\Users\diogo\Desktop\MIEI\4th Year\2nd Semester\Perfil 2 - Computação Gráfica\Visão e Iluminação II\nau\plugins\physx\src\physXParticleManager.cpp">
      <Filter>Source Files</Filter>
    </ClCompile>
    <ClCompile Include="C:\Users\diogo\Desktop\MIEI\4th Year\2nd Semester\Perfil 2 - Computação Gráfica\Visão e Iluminação II\nau\plugins\physx\src\physXRigidManager.cpp">
      <Filter>Source Files</Filter>
    </ClCompile>
    <ClCompile Include="C:\Users\diogo\Desktop\MIEI\4th Year\2nd Semester\Perfil 2 - Computação Gráfica\Visão e Iluminação II\nau\plugins\physx\src\physXScene.cpp">
      <Filter>Source Files</Filter>
    </ClCompile>
    <ClCompile Include="C:\Users\diogo\Desktop\MIEI\4th Year\2nd Semester\Perfil 2 - Computação Gráfica\Visão e Iluminação II\nau\plugins\physx\src\physXSoftManager.cpp">
      <Filter>Source Files</Filter>
    </ClCompile>
    <ClCompile Include="C:\Users\diogo\Desktop\MIEI\4th Year\2nd Semester\Perfil 2 - Computação Gráfica\Visão e Iluminação II\nau\plugins\physx\src\physXWorldManager.cpp">
      <Filter>Source Files</Filter>
    </ClCompile>
  </ItemGroup>
  <ItemGroup>
    <ClInclude Include="C:\Users\diogo\Desktop\MIEI\4th Year\2nd Semester\Perfil 2 - Computação Gráfica\Visão e Iluminação II\nau\plugins\physx\src\nauPhysXInterface.h">
      <Filter>Header Files</Filter>
    </ClInclude>
    <ClInclude Include="C:\Users\diogo\Desktop\MIEI\4th Year\2nd Semester\Perfil 2 - Computação Gráfica\Visão e Iluminação II\nau\plugins\physx\src\physXCharacterManager.h">
      <Filter>Header Files</Filter>
    </ClInclude>
    <ClInclude Include="C:\Users\diogo\Desktop\MIEI\4th Year\2nd Semester\Perfil 2 - Computação Gráfica\Visão e Iluminação II\nau\plugins\physx\src\physXLuaManager.h">
      <Filter>Header Files</Filter>
    </ClInclude>
    <ClInclude Include="C:\Users\diogo\Desktop\MIEI\4th Year\2nd Semester\Perfil 2 - Computação Gráfica\Visão e Iluminação II\nau\plugins\physx\src\physXParticleManager.h">
      <Filter>Header Files</Filter>
    </ClInclude>
    <ClInclude Include="C:\Users\diogo\Desktop\MIEI\4th Year\2nd Semester\Perfil 2 - Computação Gráfica\Visão e Iluminação II\nau\plugins\physx\src\physXRigidManager.h">
      <Filter>Header Files</Filter>
    </ClInclude>
    <ClInclude Include="C:\Users\diogo\Desktop\MIEI\4th Year\2nd Semester\Perfil 2 - Computação Gráfica\Visão e Iluminação II\nau\plugins\physx\src\physXScene.h">
      <Filter>Header Files</Filter>
    </ClInclude>
    <ClInclude Include="C:\Users\diogo\Desktop\MIEI\4th Year\2nd Semester\Perfil 2 - Computação Gráfica\Visão e Iluminação II\nau\plugins\physx\src\physXSoftManager.h">
      <Filter>Header Files</Filter>
    </ClInclude>
    <ClInclude Include="C:\Users\diogo\Desktop\MIEI\4th Year\2nd Semester\Perfil 2 - Computação Gráfica\Visão e Iluminação II\nau\plugins\physx\src\physXWorldManager.h">
      <Filter>Header Files</Filter>
    </ClInclude>
  </ItemGroup>
  <ItemGroup>
    <CustomBuild Include="C:\Users\diogo\Desktop\MIEI\4th Year\2nd Semester\Perfil 2 - Computação Gráfica\Visão e Iluminação II\nau\plugins\physx\CMakeLists.txt" />
  </ItemGroup>
  <ItemGroup>
    <Filter Include="Header Files">
      <UniqueIdentifier>{B9B3B4D1-991A-3B17-AB04-47ED20B3C227}</UniqueIdentifier>
    </Filter>
    <Filter Include="Source Files">
      <UniqueIdentifier>{EC238798-5F65-3556-80D2-4A814929A55C}</UniqueIdentifier>
    </Filter>
  </ItemGroup>
</Project>
